
Microsoft Visual Studio Solution File, Format Version 12.00
# Visual Studio Version 16
VisualStudioVersion = 16.0.29613.14
MinimumVisualStudioVersion = 10.0.40219.1
Project("{9A19103F-16F7-4668-BE54-9A1E7A4F7556}") = "International-Business-Men.API", "International-Business-Men.API\International-Business-Men.API.csproj", "{9782667D-F67B-48E9-B10F-85060DC04332}"
EndProject
Project("{9A19103F-16F7-4668-BE54-9A1E7A4F7556}") = "International-Business-Men.DL", "International-Business-Men.DL\International-Business-Men.DL.csproj", "{64CD28BA-C6F7-4934-B5D4-14739DD99783}"
EndProject
Project("{9A19103F-16F7-4668-BE54-9A1E7A4F7556}") = "International-Business-Men.WEB", "International-Business-Men.WEB\International-Business-Men.WEB.csproj", "{921F8E9B-91D4-40DA-8BBB-58B5933EBCEF}"
EndProject
Project("{9A19103F-16F7-4668-BE54-9A1E7A4F7556}") = "International-Business-Men.DAL", "International-Busines-Men.DAL\International-Business-Men.DAL.csproj", "{7ECE6B2E-7EB5-400F-945B-0B8AA916CC1E}"
EndProject
Project("{9A19103F-16F7-4668-BE54-9A1E7A4F7556}") = "International-Business-Men.DL.Tests", "International-Business-Men.DL.Tests\International-Business-Men.DL.Tests.csproj", "{E027087D-A3D4-4178-9DB4-D2C9B35323F0}"
EndProject
Project("{9A19103F-16F7-4668-BE54-9A1E7A4F7556}") = "International-Business-Men.API.Tests", "International-Business-Men.API.Tests\International-Business-Men.API.Tests.csproj", "{0AC66393-04E2-4FEB-97DB-76B8527704AE}"
EndProject
Global
	GlobalSection(SolutionConfigurationPlatforms) = preSolution
		Debug|Any CPU = Debug|Any CPU
		Release|Any CPU = Release|Any CPU
	EndGlobalSection
	GlobalSection(ProjectConfigurationPlatforms) = postSolution
		{9782667D-F67B-48E9-B10F-85060DC04332}.Debug|Any CPU.ActiveCfg = Debug|Any CPU
		{9782667D-F67B-48E9-B10F-85060DC04332}.Debug|Any CPU.Build.0 = Debug|Any CPU
		{9782667D-F67B-48E9-B10F-85060DC04332}.Release|Any CPU.ActiveCfg = Release|Any CPU
		{9782667D-F67B-48E9-B10F-85060DC04332}.Release|Any CPU.Build.0 = Release|Any CPU
		{64CD28BA-C6F7-4934-B5D4-14739DD99783}.Debug|Any CPU.ActiveCfg = Debug|Any CPU
		{64CD28BA-C6F7-4934-B5D4-14739DD99783}.Debug|Any CPU.Build.0 = Debug|Any CPU
		{64CD28BA-C6F7-4934-B5D4-14739DD99783}.Release|Any CPU.ActiveCfg = Release|Any CPU
		{64CD28BA-C6F7-4934-B5D4-14739DD99783}.Release|Any CPU.Build.0 = Release|Any CPU
		{921F8E9B-91D4-40DA-8BBB-58B5933EBCEF}.Debug|Any CPU.ActiveCfg = Debug|Any CPU
		{921F8E9B-91D4-40DA-8BBB-58B5933EBCEF}.Debug|Any CPU.Build.0 = Debug|Any CPU
		{921F8E9B-91D4-40DA-8BBB-58B5933EBCEF}.Release|Any CPU.ActiveCfg = Release|Any CPU
		{921F8E9B-91D4-40DA-8BBB-58B5933EBCEF}.Release|Any CPU.Build.0 = Release|Any CPU
		{7ECE6B2E-7EB5-400F-945B-0B8AA916CC1E}.Debug|Any CPU.ActiveCfg = Debug|Any CPU
		{7ECE6B2E-7EB5-400F-945B-0B8AA916CC1E}.Debug|Any CPU.Build.0 = Debug|Any CPU
		{7ECE6B2E-7EB5-400F-945B-0B8AA916CC1E}.Release|Any CPU.ActiveCfg = Release|Any CPU
		{7ECE6B2E-7EB5-400F-945B-0B8AA916CC1E}.Release|Any CPU.Build.0 = Release|Any CPU
		{E027087D-A3D4-4178-9DB4-D2C9B35323F0}.Debug|Any CPU.ActiveCfg = Debug|Any CPU
		{E027087D-A3D4-4178-9DB4-D2C9B35323F0}.Debug|Any CPU.Build.0 = Debug|Any CPU
		{E027087D-A3D4-4178-9DB4-D2C9B35323F0}.Release|Any CPU.ActiveCfg = Release|Any CPU
		{E027087D-A3D4-4178-9DB4-D2C9B35323F0}.Release|Any CPU.Build.0 = Release|Any CPU
		{0AC66393-04E2-4FEB-97DB-76B8527704AE}.Debug|Any CPU.ActiveCfg = Debug|Any CPU
		{0AC66393-04E2-4FEB-97DB-76B8527704AE}.Debug|Any CPU.Build.0 = Debug|Any CPU
		{0AC66393-04E2-4FEB-97DB-76B8527704AE}.Release|Any CPU.ActiveCfg = Release|Any CPU
		{0AC66393-04E2-4FEB-97DB-76B8527704AE}.Release|Any CPU.Build.0 = Release|Any CPU
	EndGlobalSection
	GlobalSection(SolutionProperties) = preSolution
		HideSolutionNode = FALSE
	EndGlobalSection
	GlobalSection(ExtensibilityGlobals) = postSolution
		SolutionGuid = {C2FDFF43-5CCE-48F7-BDD0-1DD06BCA8B57}
	EndGlobalSection
EndGlobal
